# This file was autogenerated by Stack.
# You should not edit this file by hand.
# For more information, please see the documentation at:
#   https://docs.haskellstack.org/en/stable/lock_files

packages:
- completed:
    hackage: toysolver-0.7.0@sha256:1db00f7d2d4c9904343269ce1418aeb51fdc28c46777684c710f52ba8812d881,27335
    pantry-tree:
      size: 47333
      sha256: 054f1bfe9fe2f2a6d2d7303f51598961aa1ceaf285444dc8f11997f41466b1c6
  original:
    hackage: toysolver-0.7.0
- completed:
    hackage: MIP-0.1.1.0@sha256:01bbc71cbeabb76c8e23a68e351ff1f73cfb841ba105114d34666849de79a24a,4442
    pantry-tree:
      size: 2372
      sha256: 8ebab46228cb93a5960d99192dc51480b0f21792cfa5d8aa75ed0ff511c2cb33
  original:
    hackage: MIP-0.1.1.0@sha256:01bbc71cbeabb76c8e23a68e351ff1f73cfb841ba105114d34666849de79a24a,4442
- completed:
    hackage: OptDir-0.0.4@sha256:7a59a4e225a1ea402b82377c9057cf258e45d9d7913b2edd010f7ae8b9e4f8af,861
    pantry-tree:
      size: 256
      sha256: 1acdb5033f2f1750e622fb4a2bf5f5de5eac9d3129a61c3b92bfed17f64d6607
  original:
    hackage: OptDir-0.0.4@sha256:7a59a4e225a1ea402b82377c9057cf258e45d9d7913b2edd010f7ae8b9e4f8af,861
- completed:
    hackage: bytestring-encoding-0.1.2.0@sha256:e5678542336945984b129039647e4438da8fcf8784d75630a2f8fcb8c4bc91da,1921
    pantry-tree:
      size: 715
      sha256: 9674345d3ddcc61a6409b9a9159d6d03338cb2ca385d434d9acf5f3b8026c404
  original:
    hackage: bytestring-encoding-0.1.2.0@sha256:e5678542336945984b129039647e4438da8fcf8784d75630a2f8fcb8c4bc91da,1921
- completed:
    hackage: finite-field-0.10.0@sha256:f676a7abf829f27fee189036219c0326dce68a435bcdddc26319afff4008d8f4,2164
    pantry-tree:
      size: 633
      sha256: fa3b82854d4112e43eb27e3666bd2e9802d5adf9af20a3a4236b98de12e3c029
  original:
    hackage: finite-field-0.10.0@sha256:f676a7abf829f27fee189036219c0326dce68a435bcdddc26319afff4008d8f4,2164
- completed:
    hackage: pseudo-boolean-0.1.10.0@sha256:c6a8b6c23c84cce8cecb37683755bde54db80b1ca817ce72de772c98d31dae44,2552
    pantry-tree:
      size: 2338
      sha256: 49522cf588f83351c1d98a09ad983e4e1984acb162ef8835f15fbf46659caead
  original:
    hackage: pseudo-boolean-0.1.10.0@sha256:c6a8b6c23c84cce8cecb37683755bde54db80b1ca817ce72de772c98d31dae44,2552
- completed:
    hackage: queue-0.1.2@sha256:4efac395db09637ec7b667dc09b74ff80e0b83452088540e1d1b2ec262f4defa,1312
    pantry-tree:
      size: 413
      sha256: b5b7354ae3452e5ac12db165f0c625c67e02ab6206c8c7a5c2497403e671f70f
  original:
    hackage: queue-0.1.2@sha256:4efac395db09637ec7b667dc09b74ff80e0b83452088540e1d1b2ec262f4defa,1312
- completed:
    hackage: sign-0.4.4@sha256:7f7aa78b78f30b05155ec3709e1549b2f74fb5cec12522e44f10537223e922ea,2088
    pantry-tree:
      size: 473
      sha256: bfcf5672794d720ffcf6b04d12a9c6fcbb23cefde17f9be9d3f0f72e8de6af45
  original:
    hackage: sign-0.4.4@sha256:7f7aa78b78f30b05155ec3709e1549b2f74fb5cec12522e44f10537223e922ea,2088
- completed:
    hackage: z3-408.2@sha256:1f8b6ccbcc6d06a6701900a09fcfcbaf86ed8a8495615710bef4da5cdb073a3f,4226
    pantry-tree:
      size: 1476
      sha256: e8562391054f4e07035ab25e1c7ecfba687a46e15aefee4c588b6434dc0b93d8
  original:
    hackage: z3-408.2
snapshots:
- completed:
    size: 587821
    url: https://raw.githubusercontent.com/commercialhaskell/stackage-snapshots/master/lts/18/24.yaml
    sha256: 06d844ba51e49907bd29cb58b4a5f86ee7587a4cd7e6cf395eeec16cba619ce8
  original: lts-18.24
